
Microsoft Visual Studio Solution File, Format Version 12.00
# Visual Studio Version 17
VisualStudioVersion = 17.0.31903.59
MinimumVisualStudioVersion = 10.0.40219.1
Project("{2150E333-8FDC-42A3-9474-1A3956D46DE8}") = "src", "src", "{EA8EC21E-86F0-497A-A7AD-67F362446E2B}"
EndProject
Project("{FAE04EC0-301F-11D3-BF4B-00C04F79EFBC}") = "BuildingBlocks", "src\BuildingBlocks\BuildingBlocks.csproj", "{4CAFB2A3-5871-4C75-90FB-3BD3A219E549}"
EndProject
Project("{2150E333-8FDC-42A3-9474-1A3956D46DE8}") = "tests", "tests", "{D347E6D4-046E-4FBF-B5EB-04B51702223D}"
EndProject
Project("{FAE04EC0-301F-11D3-BF4B-00C04F79EFBC}") = "Consolidado.UnitTests", "tests\Consolidado.UnitTests\Consolidado.UnitTests.csproj", "{48D3A809-F12A-43B3-9845-EB3FD8A22C62}"
EndProject
Project("{FAE04EC0-301F-11D3-BF4B-00C04F79EFBC}") = "IntegrationTests", "tests\IntegrationTests\IntegrationTests.csproj", "{E46ACF36-82E1-4A7D-A52B-8ACB94416C74}"
EndProject
Project("{FAE04EC0-301F-11D3-BF4B-00C04F79EFBC}") = "Lancamentos.UnitTests", "tests\Lancamentos.UnitTests\Lancamentos.UnitTests.csproj", "{3E99C6E9-73D9-45A8-B82A-059F5450410F}"
EndProject
Project("{2150E333-8FDC-42A3-9474-1A3956D46DE8}") = "Consolidado", "Consolidado", "{E498E266-308A-4704-96CF-A87F3A7A7BD4}"
EndProject
Project("{FAE04EC0-301F-11D3-BF4B-00C04F79EFBC}") = "Consolidado.API", "src\Consolidado\Consolidado.API\Consolidado.API.csproj", "{CF4663AA-6F1C-4E51-9ED7-9A0F22A4D3C4}"
EndProject
Project("{FAE04EC0-301F-11D3-BF4B-00C04F79EFBC}") = "Consolidado.Domain", "src\Consolidado\Consolidado.Domain\Consolidado.Domain.csproj", "{CF1D5626-2402-4E15-B990-DCD1A74E13CE}"
EndProject
Project("{FAE04EC0-301F-11D3-BF4B-00C04F79EFBC}") = "Consolidado.Infrastructure", "src\Consolidado\Consolidado.Infrastructure\Consolidado.Infrastructure.csproj", "{96E73A35-FF64-4929-83C2-C87314F16483}"
EndProject
Project("{FAE04EC0-301F-11D3-BF4B-00C04F79EFBC}") = "Consolidado.Worker", "src\Consolidado\Consolidado.Worker\Consolidado.Worker.csproj", "{896AD0D9-7B95-4691-95E1-D9954A326480}"
EndProject
Project("{FAE04EC0-301F-11D3-BF4B-00C04F79EFBC}") = "Consolidado.Application", "src\Consolidado\Consolidado.Application\Consolidado.Application.csproj", "{1CC89DAF-3E40-476D-82A2-3986F30350B8}"
EndProject
Project("{2150E333-8FDC-42A3-9474-1A3956D46DE8}") = "Lancamentos", "Lancamentos", "{7E68D519-AE95-47F9-8C5B-65F9BB290AA8}"
EndProject
Project("{FAE04EC0-301F-11D3-BF4B-00C04F79EFBC}") = "Lancamentos.Application", "src\Lancamentos\Lancamentos.Application\Lancamentos.Application.csproj", "{78B5B9D8-F489-4961-8DF5-E18357259F58}"
EndProject
Project("{FAE04EC0-301F-11D3-BF4B-00C04F79EFBC}") = "Lancamentos.Domain", "src\Lancamentos\Lancamentos.Domain\Lancamentos.Domain.csproj", "{F92DB9CB-205B-4594-887A-3F30E03D4A9B}"
EndProject
Project("{FAE04EC0-301F-11D3-BF4B-00C04F79EFBC}") = "Lancamentos.Infrastructure", "src\Lancamentos\Lancamentos.Infrastructure\Lancamentos.Infrastructure.csproj", "{AC89F0DA-8C02-4C66-9F73-CEACBC351A48}"
EndProject
Project("{FAE04EC0-301F-11D3-BF4B-00C04F79EFBC}") = "Lancamentos.API", "src\Lancamentos\Lancamentos.API\Lancamentos.API.csproj", "{AC2274B4-C933-4EEF-B1B4-D84DB1018F02}"
EndProject
Global
	GlobalSection(SolutionConfigurationPlatforms) = preSolution
		Debug|Any CPU = Debug|Any CPU
		Release|Any CPU = Release|Any CPU
	EndGlobalSection
	GlobalSection(SolutionProperties) = preSolution
		HideSolutionNode = FALSE
	EndGlobalSection
	GlobalSection(ProjectConfigurationPlatforms) = postSolution
		{4CAFB2A3-5871-4C75-90FB-3BD3A219E549}.Debug|Any CPU.ActiveCfg = Debug|Any CPU
		{4CAFB2A3-5871-4C75-90FB-3BD3A219E549}.Debug|Any CPU.Build.0 = Debug|Any CPU
		{4CAFB2A3-5871-4C75-90FB-3BD3A219E549}.Release|Any CPU.ActiveCfg = Release|Any CPU
		{4CAFB2A3-5871-4C75-90FB-3BD3A219E549}.Release|Any CPU.Build.0 = Release|Any CPU
		{48D3A809-F12A-43B3-9845-EB3FD8A22C62}.Debug|Any CPU.ActiveCfg = Debug|Any CPU
		{48D3A809-F12A-43B3-9845-EB3FD8A22C62}.Debug|Any CPU.Build.0 = Debug|Any CPU
		{48D3A809-F12A-43B3-9845-EB3FD8A22C62}.Release|Any CPU.ActiveCfg = Release|Any CPU
		{48D3A809-F12A-43B3-9845-EB3FD8A22C62}.Release|Any CPU.Build.0 = Release|Any CPU
		{E46ACF36-82E1-4A7D-A52B-8ACB94416C74}.Debug|Any CPU.ActiveCfg = Debug|Any CPU
		{E46ACF36-82E1-4A7D-A52B-8ACB94416C74}.Debug|Any CPU.Build.0 = Debug|Any CPU
		{E46ACF36-82E1-4A7D-A52B-8ACB94416C74}.Release|Any CPU.ActiveCfg = Release|Any CPU
		{E46ACF36-82E1-4A7D-A52B-8ACB94416C74}.Release|Any CPU.Build.0 = Release|Any CPU
		{3E99C6E9-73D9-45A8-B82A-059F5450410F}.Debug|Any CPU.ActiveCfg = Debug|Any CPU
		{3E99C6E9-73D9-45A8-B82A-059F5450410F}.Debug|Any CPU.Build.0 = Debug|Any CPU
		{3E99C6E9-73D9-45A8-B82A-059F5450410F}.Release|Any CPU.ActiveCfg = Release|Any CPU
		{3E99C6E9-73D9-45A8-B82A-059F5450410F}.Release|Any CPU.Build.0 = Release|Any CPU
		{CF4663AA-6F1C-4E51-9ED7-9A0F22A4D3C4}.Debug|Any CPU.ActiveCfg = Debug|Any CPU
		{CF4663AA-6F1C-4E51-9ED7-9A0F22A4D3C4}.Debug|Any CPU.Build.0 = Debug|Any CPU
		{CF4663AA-6F1C-4E51-9ED7-9A0F22A4D3C4}.Release|Any CPU.ActiveCfg = Release|Any CPU
		{CF4663AA-6F1C-4E51-9ED7-9A0F22A4D3C4}.Release|Any CPU.Build.0 = Release|Any CPU
		{CF1D5626-2402-4E15-B990-DCD1A74E13CE}.Debug|Any CPU.ActiveCfg = Debug|Any CPU
		{CF1D5626-2402-4E15-B990-DCD1A74E13CE}.Debug|Any CPU.Build.0 = Debug|Any CPU
		{CF1D5626-2402-4E15-B990-DCD1A74E13CE}.Release|Any CPU.ActiveCfg = Release|Any CPU
		{CF1D5626-2402-4E15-B990-DCD1A74E13CE}.Release|Any CPU.Build.0 = Release|Any CPU
		{96E73A35-FF64-4929-83C2-C87314F16483}.Debug|Any CPU.ActiveCfg = Debug|Any CPU
		{96E73A35-FF64-4929-83C2-C87314F16483}.Debug|Any CPU.Build.0 = Debug|Any CPU
		{96E73A35-FF64-4929-83C2-C87314F16483}.Release|Any CPU.ActiveCfg = Release|Any CPU
		{96E73A35-FF64-4929-83C2-C87314F16483}.Release|Any CPU.Build.0 = Release|Any CPU
		{896AD0D9-7B95-4691-95E1-D9954A326480}.Debug|Any CPU.ActiveCfg = Debug|Any CPU
		{896AD0D9-7B95-4691-95E1-D9954A326480}.Debug|Any CPU.Build.0 = Debug|Any CPU
		{896AD0D9-7B95-4691-95E1-D9954A326480}.Release|Any CPU.ActiveCfg = Release|Any CPU
		{896AD0D9-7B95-4691-95E1-D9954A326480}.Release|Any CPU.Build.0 = Release|Any CPU
		{1CC89DAF-3E40-476D-82A2-3986F30350B8}.Debug|Any CPU.ActiveCfg = Debug|Any CPU
		{1CC89DAF-3E40-476D-82A2-3986F30350B8}.Debug|Any CPU.Build.0 = Debug|Any CPU
		{1CC89DAF-3E40-476D-82A2-3986F30350B8}.Release|Any CPU.ActiveCfg = Release|Any CPU
		{1CC89DAF-3E40-476D-82A2-3986F30350B8}.Release|Any CPU.Build.0 = Release|Any CPU
		{78B5B9D8-F489-4961-8DF5-E18357259F58}.Debug|Any CPU.ActiveCfg = Debug|Any CPU
		{78B5B9D8-F489-4961-8DF5-E18357259F58}.Debug|Any CPU.Build.0 = Debug|Any CPU
		{78B5B9D8-F489-4961-8DF5-E18357259F58}.Release|Any CPU.ActiveCfg = Release|Any CPU
		{78B5B9D8-F489-4961-8DF5-E18357259F58}.Release|Any CPU.Build.0 = Release|Any CPU
		{F92DB9CB-205B-4594-887A-3F30E03D4A9B}.Debug|Any CPU.ActiveCfg = Debug|Any CPU
		{F92DB9CB-205B-4594-887A-3F30E03D4A9B}.Debug|Any CPU.Build.0 = Debug|Any CPU
		{F92DB9CB-205B-4594-887A-3F30E03D4A9B}.Release|Any CPU.ActiveCfg = Release|Any CPU
		{F92DB9CB-205B-4594-887A-3F30E03D4A9B}.Release|Any CPU.Build.0 = Release|Any CPU
		{AC89F0DA-8C02-4C66-9F73-CEACBC351A48}.Debug|Any CPU.ActiveCfg = Debug|Any CPU
		{AC89F0DA-8C02-4C66-9F73-CEACBC351A48}.Debug|Any CPU.Build.0 = Debug|Any CPU
		{AC89F0DA-8C02-4C66-9F73-CEACBC351A48}.Release|Any CPU.ActiveCfg = Release|Any CPU
		{AC89F0DA-8C02-4C66-9F73-CEACBC351A48}.Release|Any CPU.Build.0 = Release|Any CPU
		{AC2274B4-C933-4EEF-B1B4-D84DB1018F02}.Debug|Any CPU.ActiveCfg = Debug|Any CPU
		{AC2274B4-C933-4EEF-B1B4-D84DB1018F02}.Debug|Any CPU.Build.0 = Debug|Any CPU
		{AC2274B4-C933-4EEF-B1B4-D84DB1018F02}.Release|Any CPU.ActiveCfg = Release|Any CPU
		{AC2274B4-C933-4EEF-B1B4-D84DB1018F02}.Release|Any CPU.Build.0 = Release|Any CPU
	EndGlobalSection
	GlobalSection(NestedProjects) = preSolution
		{4CAFB2A3-5871-4C75-90FB-3BD3A219E549} = {EA8EC21E-86F0-497A-A7AD-67F362446E2B}
		{48D3A809-F12A-43B3-9845-EB3FD8A22C62} = {D347E6D4-046E-4FBF-B5EB-04B51702223D}
		{E46ACF36-82E1-4A7D-A52B-8ACB94416C74} = {D347E6D4-046E-4FBF-B5EB-04B51702223D}
		{3E99C6E9-73D9-45A8-B82A-059F5450410F} = {D347E6D4-046E-4FBF-B5EB-04B51702223D}
		{E498E266-308A-4704-96CF-A87F3A7A7BD4} = {EA8EC21E-86F0-497A-A7AD-67F362446E2B}
		{CF4663AA-6F1C-4E51-9ED7-9A0F22A4D3C4} = {E498E266-308A-4704-96CF-A87F3A7A7BD4}
		{CF1D5626-2402-4E15-B990-DCD1A74E13CE} = {E498E266-308A-4704-96CF-A87F3A7A7BD4}
		{96E73A35-FF64-4929-83C2-C87314F16483} = {E498E266-308A-4704-96CF-A87F3A7A7BD4}
		{896AD0D9-7B95-4691-95E1-D9954A326480} = {E498E266-308A-4704-96CF-A87F3A7A7BD4}
		{1CC89DAF-3E40-476D-82A2-3986F30350B8} = {E498E266-308A-4704-96CF-A87F3A7A7BD4}
		{7E68D519-AE95-47F9-8C5B-65F9BB290AA8} = {EA8EC21E-86F0-497A-A7AD-67F362446E2B}
		{78B5B9D8-F489-4961-8DF5-E18357259F58} = {7E68D519-AE95-47F9-8C5B-65F9BB290AA8}
		{F92DB9CB-205B-4594-887A-3F30E03D4A9B} = {7E68D519-AE95-47F9-8C5B-65F9BB290AA8}
		{AC89F0DA-8C02-4C66-9F73-CEACBC351A48} = {7E68D519-AE95-47F9-8C5B-65F9BB290AA8}
		{AC2274B4-C933-4EEF-B1B4-D84DB1018F02} = {7E68D519-AE95-47F9-8C5B-65F9BB290AA8}
	EndGlobalSection
EndGlobal
